
Microsoft Visual Studio Solution File, Format Version 12.00
# Visual Studio Version 16
VisualStudioVersion = 16.0.30320.27
MinimumVisualStudioVersion = 10.0.40219.1
Project("{FAE04EC0-301F-11D3-BF4B-00C04F79EFBC}") = "MAD.API.Procore", "MAD.API.Procore\MAD.API.Procore.csproj", "{DFDC3600-DAC1-44BB-90EC-63454ECBC3AC}"
EndProject
Project("{FAE04EC0-301F-11D3-BF4B-00C04F79EFBC}") = "MAD.API.Procore.Tests", "MAD.API.Procore.Tests\MAD.API.Procore.Tests.csproj", "{1E8E73A9-1427-4A4C-93AB-C3EA099C0415}"
EndProject
Global
	GlobalSection(SolutionConfigurationPlatforms) = preSolution
		Debug|Any CPU = Debug|Any CPU
		Release|Any CPU = Release|Any CPU
	EndGlobalSection
	GlobalSection(ProjectConfigurationPlatforms) = postSolution
		{DFDC3600-DAC1-44BB-90EC-63454ECBC3AC}.Debug|Any CPU.ActiveCfg = Debug|Any CPU
		{DFDC3600-DAC1-44BB-90EC-63454ECBC3AC}.Debug|Any CPU.Build.0 = Debug|Any CPU
		{DFDC3600-DAC1-44BB-90EC-63454ECBC3AC}.Release|Any CPU.ActiveCfg = Release|Any CPU
		{DFDC3600-DAC1-44BB-90EC-63454ECBC3AC}.Release|Any CPU.Build.0 = Release|Any CPU
		{1E8E73A9-1427-4A4C-93AB-C3EA099C0415}.Debug|Any CPU.ActiveCfg = Debug|Any CPU
		{1E8E73A9-1427-4A4C-93AB-C3EA099C0415}.Debug|Any CPU.Build.0 = Debug|Any CPU
		{1E8E73A9-1427-4A4C-93AB-C3EA099C0415}.Release|Any CPU.ActiveCfg = Release|Any CPU
		{1E8E73A9-1427-4A4C-93AB-C3EA099C0415}.Release|Any CPU.Build.0 = Release|Any CPU
	EndGlobalSection
	GlobalSection(SolutionProperties) = preSolution
		HideSolutionNode = FALSE
	EndGlobalSection
	GlobalSection(ExtensibilityGlobals) = postSolution
		SolutionGuid = {987B13BC-A13A-4D7D-BA5C-72B1D4902661}
	EndGlobalSection
EndGlobal
